
Microsoft Visual Studio Solution File, Format Version 12.00
# Visual Studio 2013
VisualStudioVersion = 12.0.21005.1
MinimumVisualStudioVersion = 10.0.40219.1
Project("{FAE04EC0-301F-11D3-BF4B-00C04F79EFBC}") = "LeetCode_88_Merge_Sorted_Array", "LeetCode_88_Merge_Sorted_Array\LeetCode_88_Merge_Sorted_Array.csproj", "{FCF68643-378C-42C6-94B3-6F8032E55AE2}"
EndProject
Global
	GlobalSection(SolutionConfigurationPlatforms) = preSolution
		Debug|Any CPU = Debug|Any CPU
		Release|Any CPU = Release|Any CPU
	EndGlobalSection
	GlobalSection(ProjectConfigurationPlatforms) = postSolution
		{FCF68643-378C-42C6-94B3-6F8032E55AE2}.Debug|Any CPU.ActiveCfg = Debug|Any CPU
		{FCF68643-378C-42C6-94B3-6F8032E55AE2}.Debug|Any CPU.Build.0 = Debug|Any CPU
		{FCF68643-378C-42C6-94B3-6F8032E55AE2}.Release|Any CPU.ActiveCfg = Release|Any CPU
		{FCF68643-378C-42C6-94B3-6F8032E55AE2}.Release|Any CPU.Build.0 = Release|Any CPU
	EndGlobalSection
	GlobalSection(SolutionProperties) = preSolution
		HideSolutionNode = FALSE
	EndGlobalSection
EndGlobal
